// !$*UTF8*$!
{
	archiveVersion = 1;
	classes = {
	};
	objectVersion = 46;
	objects = {

/* Begin PBXBuildFile section */
		3F1C2A681C17BA4B00A59DE8 /* CZCountDownView.m in Sources */ = {isa = PBXBuildFile; fileRef = 3F1C2A671C17BA4B00A59DE8 /* CZCountDownView.m */; settings = {ASSET_TAGS = (); }; };
		3F8037CB1C16BC92004EC448 /* main.m in Sources */ = {isa = PBXBuildFile; fileRef = 3F8037CA1C16BC92004EC448 /* main.m */; };
		3F8037CE1C16BC92004EC448 /* AppDelegate.m in Sources */ = {isa = PBXBuildFile; fileRef = 3F8037CD1C16BC92004EC448 /* AppDelegate.m */; };
		3F8037D11C16BC92004EC448 /* ViewController.m in Sources */ = {isa = PBXBuildFile; fileRef = 3F8037D01C16BC92004EC448 /* ViewController.m */; };
		3F8037D41C16BC92004EC448 /* Main.storyboard in Resources */ = {isa = PBXBuildFile; fileRef = 3F8037D21C16BC92004EC448 /* Main.storyboard */; };
		3F8037D61C16BC92004EC448 /* Assets.xcassets in Resources */ = {isa = PBXBuildFile; fileRef = 3F8037D51C16BC92004EC448 /* Assets.xcassets */; };
		3F8037D91C16BC92004EC448 /* LaunchScreen.storyboard in Resources */ = {isa = PBXBuildFile; fileRef = 3F8037D71C16BC92004EC448 /* LaunchScreen.storyboard */; };
/* End PBXBuildFile section */

/* Begin PBXFileReference section */
		3F1C2A661C17BA4B00A59DE8 /* CZCountDownView.h */ = {isa = PBXFileReference; fileEncoding = 4; lastKnownFileType = sourcecode.c.h; path = CZCountDownView.h; sourceTree = "<group>"; };
		3F1C2A671C17BA4B00A59DE8 /* CZCountDownView.m */ = {isa = PBXFileReference; fileEncoding = 4; lastKnownFileType = sourcecode.c.objc; path = CZCountDownView.m; sourceTree = "<group>"; };
		3F8037C61C16BC92004EC448 /* countDownDemo.app */ = {isa = PBXFileReference; explicitFileType = wrapper.application; includeInIndex = 0; path = countDownDemo.app; sourceTree = BUILT_PRODUCTS_DIR; };
		3F8037CA1C16BC92004EC448 /* main.m */ = {isa = PBXFileReference; lastKnownFileType = sourcecode.c.objc; path = main.m; sourceTree = "<group>"; };
		3F8037CC1C16BC92004EC448 /* AppDelegate.h */ = {isa = PBXFileReference; lastKnownFileType = sourcecode.c.h; path = AppDelegate.h; sourceTree = "<group>"; };
		3F8037CD1C16BC92004EC448 /* AppDelegate.m */ = {isa = PBXFileReference; lastKnownFileType = sourcecode.c.objc; path = AppDelegate.m; sourceTree = "<group>"; };
		3F8037CF1C16BC92004EC448 /* ViewController.h */ = {isa = PBXFileReference; lastKnownFileType = sourcecode.c.h; path = ViewController.h; sourceTree = "<group>"; };
		3F8037D01C16BC92004EC448 /* ViewController.m */ = {isa = PBXFileReference; lastKnownFileType = sourcecode.c.objc; path = ViewController.m; sourceTree = "<group>"; };
		3F8037D31C16BC92004EC448 /* Base */ = {isa = PBXFileReference; lastKnownFileType = file.storyboard; name = Base; path = Base.lproj/Main.storyboard; sourceTree = "<group>"; };
		3F8037D51C16BC92004EC448 /* Assets.xcassets */ = {isa = PBXFileReference; lastKnownFileType = folder.assetcatalog; path = Assets.xcassets; sourceTree = "<group>"; };
		3F8037D81C16BC92004EC448 /* Base */ = {isa = PBXFileReference; lastKnownFileType = file.storyboard; name = Base; path = Base.lproj/LaunchScreen.storyboard; sourceTree = "<group>"; };
		3F8037DA1C16BC92004EC448 /* Info.plist */ = {isa = PBXFileReference; lastKnownFileType = text.plist.xml; path = Info.plist; sourceTree = "<group>"; };
/* End PBXFileReference section */

/* Begin PBXFrameworksBuildPhase section */
		3F8037C31C16BC92004EC448 /* Frameworks */ = {
			isa = PBXFrameworksBuildPhase;
			buildActionMask = 2147483647;
			files = (
			);
			runOnlyForDeploymentPostprocessing = 0;
		};
/* End PBXFrameworksBuildPhase section */

/* Begin PBXGroup section */
		3F1C2A691C17D91D00A59DE8 /* countDownView */ = {
			isa = PBXGroup;
			children = (
				3F1C2A661C17BA4B00A59DE8 /* CZCountDownView.h */,
				3F1C2A671C17BA4B00A59DE8 /* CZCountDownView.m */,
			);
			name = countDownView;
			sourceTree = "<group>";
		};
		3F8037BD1C16BC92004EC448 = {
			isa = PBXGroup;
			children = (
				3F8037C81C16BC92004EC448 /* countDownDemo */,
				3F8037C71C16BC92004EC448 /* Products */,
			);
			sourceTree = "<group>";
		};
		3F8037C71C16BC92004EC448 /* Products */ = {
			isa = PBXGroup;
			children = (
				3F8037C61C16BC92004EC448 /* countDownDemo.app */,
			);
			name = Products;
			sourceTree = "<group>";
		};
		3F8037C81C16BC92004EC448 /* countDownDemo */ = {
			isa = PBXGroup;
			children = (
				3F1C2A691C17D91D00A59DE8 /* countDownView */,
				3F8037CC1C16BC92004EC448 /* AppDelegate.h */,
				3F8037CD1C16BC92004EC448 /* AppDelegate.m */,
				3F8037CF1C16BC92004EC448 /* ViewController.h */,
				3F8037D01C16BC92004EC448 /* ViewController.m */,
				3F8037D21C16BC92004EC448 /* Main.storyboard */,
				3F8037D51C16BC92004EC448 /* Assets.xcassets */,
				3F8037D71C16BC92004EC448 /* LaunchScreen.storyboard */,
				3F8037DA1C16BC92004EC448 /* Info.plist */,
				3F8037C91C16BC92004EC448 /* Supporting Files */,
			);
			path = countDownDemo;
			sourceTree = "<group>";
		};
		3F8037C91C16BC92004EC448 /* Supporting Files */ = {
			isa = PBXGroup;
			children = (
				3F8037CA1C16BC92004EC448 /* main.m */,
			);
			name = "Supporting Files";
			sourceTree = "<group>";
		};
/* End PBXGroup section */

/* Begin PBXNativeTarget section */
		3F8037C51C16BC92004EC448 /* countDownDemo */ = {
			isa = PBXNativeTarget;
			buildConfigurationList = 3F8037DD1C16BC92004EC448 /* Build configuration list for PBXNativeTarget "countDownDemo" */;
			buildPhases = (
				3F8037C21C16BC92004EC448 /* Sources */,
				3F8037C31C16BC92004EC448 /* Frameworks */,
				3F8037C41C16BC92004EC448 /* Resources */,
			);
			buildRules = (
			);
			dependencies = (
			);
			name = countDownDemo;
			productName = countDownDemo;
			productReference = 3F8037C61C16BC92004EC448 /* countDownDemo.app */;
			productType = "com.apple.product-type.application";
		};
/* End PBXNativeTarget section */

/* Begin PBXProject section */
		3F8037BE1C16BC92004EC448 /* Project object */ = {
			isa = PBXProject;
			attributes = {
				LastUpgradeCheck = 0700;
				ORGANIZATIONNAME = czebd;
				TargetAttributes = {
					3F8037C51C16BC92004EC448 = {
						CreatedOnToolsVersion = 7.0;
					};
				};
			};
			buildConfigurationList = 3F8037C11C16BC92004EC448 /* Build configuration list for PBXProject "countDownDemo" */;
			compatibilityVersion = "Xcode 3.2";
			developmentRegion = English;
			hasScannedForEncodings = 0;
			knownRegions = (
				en,
				Base,
			);
			mainGroup = 3F8037BD1C16BC92004EC448;
			productRefGroup = 3F8037C71C16BC92004EC448 /* Products */;
			projectDirPath = "";
			projectRoot = "";
			targets = (
				3F8037C51C16BC92004EC448 /* countDownDemo */,
			);
		};
/* End PBXProject section */

/* Begin PBXResourcesBuildPhase section */
		3F8037C41C16BC92004EC448 /* Resources */ = {
			isa = PBXResourcesBuildPhase;
			buildActionMask = 2147483647;
			files = (
				3F8037D91C16BC92004EC448 /* LaunchScreen.storyboard in Resources */,
				3F8037D61C16BC92004EC448 /* Assets.xcassets in Resources */,
				3F8037D41C16BC92004EC448 /* Main.storyboard in Resources */,
			);
			runOnlyForDeploymentPostprocessing = 0;
		};
/* End PBXResourcesBuildPhase section */

/* Begin PBXSourcesBuildPhase section */
		3F8037C21C16BC92004EC448 /* Sources */ = {
			isa = PBXSourcesBuildPhase;
			buildActionMask = 2147483647;
			files = (
				3F8037D11C16BC92004EC448 /* ViewController.m in Sources */,
				3F1C2A681C17BA4B00A59DE8 /* CZCountDownView.m in Sources */,
				3F8037CE1C16BC92004EC448 /* AppDelegate.m in Sources */,
				3F8037CB1C16BC92004EC448 /* main.m in Sources */,
			);
			runOnlyForDeploymentPostprocessing = 0;
		};
/* End PBXSourcesBuildPhase section */

/* Begin PBXVariantGroup section */
		3F8037D21C16BC92004EC448 /* Main.storyboard */ = {
			isa = PBXVariantGroup;
			children = (
				3F8037D31C16BC92004EC448 /* Base */,
			);
			name = Main.storyboard;
			sourceTree = "<group>";
		};
		3F8037D71C16BC92004EC448 /* LaunchScreen.storyboard */ = {
			isa = PBXVariantGroup;
			children = (
				3F8037D81C16BC92004EC448 /* Base */,
			);
			name = LaunchScreen.storyboard;
			sourceTree = "<group>";
		};
/* End PBXVariantGroup section */

/* Begin XCBuildConfiguration section */
		3F8037DB1C16BC92004EC448 /* Debug */ = {
			isa = XCBuildConfiguration;
			buildSettings = {
				ALWAYS_SEARCH_USER_PATHS = NO;
				CLANG_CXX_LANGUAGE_STANDARD = "gnu++0x";
				CLANG_CXX_LIBRARY = "libc++";
				CLANG_ENABLE_MODULES = YES;
				CLANG_ENABLE_OBJC_ARC = YES;
				CLANG_WARN_BOOL_CONVERSION = YES;
				CLANG_WARN_CONSTANT_CONVERSION = YES;
				CLANG_WARN_DIRECT_OBJC_ISA_USAGE = YES_ERROR;
				CLANG_WARN_EMPTY_BODY = YES;
				CLANG_WARN_ENUM_CONVERSION = YES;
				CLANG_WARN_INT_CONVERSION = YES;
				CLANG_WARN_OBJC_ROOT_CLASS = YES_ERROR;
				CLANG_WARN_UNREACHABLE_CODE = YES;
				CLANG_WARN__DUPLICATE_METHOD_MATCH = YES;
				"CODE_SIGN_IDENTITY[sdk=iphoneos*]" = "iPhone Developer";
				COPY_PHASE_STRIP = NO;
				DEBUG_INFORMATION_FORMAT = dwarf;
				ENABLE_STRICT_OBJC_MSGSEND = YES;
				ENABLE_TESTABILITY = YES;
				GCC_C_LANGUAGE_STANDARD = gnu99;
				GCC_DYNAMIC_NO_PIC = NO;
				GCC_NO_COMMON_BLOCKS = YES;
				GCC_OPTIMIZATION_LEVEL = 0;
				GCC_PREPROCESSOR_DEFINITIONS = (
					"DEBUG=1",
					"$(inherited)",
				);
				GCC_WARN_64_TO_32_BIT_CONVERSION = YES;
				GCC_WARN_ABOUT_RETURN_TYPE = YES_ERROR;
				GCC_WARN_UNDECLARED_SELECTOR = YES;
				GCC_WARN_UNINITIALIZED_AUTOS = YES_AGGRESSIVE;
				GCC_WARN_UNUSED_FUNCTION = YES;
				GCC_WARN_UNUSED_VARIABLE = YES;
				IPHONEOS_DEPLOYMENT_TARGET = 9.0;
				MTL_ENABLE_DEBUG_INFO = YES;
				ONLY_ACTIVE_ARCH = YES;
				SDKROOT = iphoneos;
			};
			name = Debug;
		};
		3F8037DC1C16BC92004EC448 /* Release */ = {
			isa = XCBuildConfiguration;
			buildSettings = {
				ALWAYS_SEARCH_USER_PATHS = NO;
				CLANG_CXX_LANGUAGE_STANDARD = "gnu++0x";
				CLANG_CXX_LIBRARY = "libc++";
				CLANG_ENABLE_MODULES = YES;
				CLANG_ENABLE_OBJC_ARC = YES;
				CLANG_WARN_BOOL_CONVERSION = YES;
				CLANG_WARN_CONSTANT_CONVERSION = YES;
				CLANG_WARN_DIRECT_OBJC_ISA_USAGE = YES_ERROR;
				CLANG_WARN_EMPTY_BODY = YES;
				CLANG_WARN_ENUM_CONVERSION = YES;
				CLANG_WARN_INT_CONVERSION = YES;
				CLANG_WARN_OBJC_ROOT_CLASS = YES_ERROR;
				CLANG_WARN_UNREACHABLE_CODE = YES;
				CLANG_WARN__DUPLICATE_METHOD_MATCH = YES;
				"CODE_SIGN_IDENTITY[sdk=iphoneos*]" = "iPhone Developer";
				COPY_PHASE_STRIP = NO;
				DEBUG_INFORMATION_FORMAT = "dwarf-with-dsym";
				ENABLE_NS_ASSERTIONS = NO;
				ENABLE_STRICT_OBJC_MSGSEND = YES;
				GCC_C_LANGUAGE_STANDARD = gnu99;
				GCC_NO_COMMON_BLOCKS = YES;
				GCC_WARN_64_TO_32_BIT_CONVERSION = YES;
				GCC_WARN_ABOUT_RETURN_TYPE = YES_ERROR;
				GCC_WARN_UNDECLARED_SELECTOR = YES;
				GCC_WARN_UNINITIALIZED_AUTOS = YES_AGGRESSIVE;
				GCC_WARN_UNUSED_FUNCTION = YES;
				GCC_WARN_UNUSED_VARIABLE = YES;
				IPHONEOS_DEPLOYMENT_TARGET = 9.0;
				MTL_ENABLE_DEBUG_INFO = NO;
				SDKROOT = iphoneos;
				VALIDATE_PRODUCT = YES;
			};
			name = Release;
		};
		3F8037DE1C16BC92004EC448 /* Debug */ = {
			isa = XCBuildConfiguration;
			buildSettings = {
				ASSETCATALOG_COMPILER_APPICON_NAME = AppIcon;
				INFOPLIST_FILE = countDownDemo/Info.plist;
				LD_RUNPATH_SEARCH_PATHS = "$(inherited) @executable_path/Frameworks";
				PRODUCT_BUNDLE_IDENTIFIER = com.czebd.countDownDemo;
				PRODUCT_NAME = "$(TARGET_NAME)";
			};
			name = Debug;
		};
		3F8037DF1C16BC92004EC448 /* Release */ = {
			isa = XCBuildConfiguration;
			buildSettings = {
				ASSETCATALOG_COMPILER_APPICON_NAME = AppIcon;
				INFOPLIST_FILE = countDownDemo/Info.plist;
				LD_RUNPATH_SEARCH_PATHS = "$(inherited) @executable_path/Frameworks";
				PRODUCT_BUNDLE_IDENTIFIER = com.czebd.countDownDemo;
				PRODUCT_NAME = "$(TARGET_NAME)";
			};
			name = Release;
		};
/* End XCBuildConfiguration section */

/* Begin XCConfigurationList section */
		3F8037C11C16BC92004EC448 /* Build configuration list for PBXProject "countDownDemo" */ = {
			isa = XCConfigurationList;
			buildConfigurations = (
				3F8037DB1C16BC92004EC448 /* Debug */,
				3F8037DC1C16BC92004EC448 /* Release */,
			);
			defaultConfigurationIsVisible = 0;
			defaultConfigurationName = Release;
		};
		3F8037DD1C16BC92004EC448 /* Build configuration list for PBXNativeTarget "countDownDemo" */ = {
			isa = XCConfigurationList;
			buildConfigurations = (
				3F8037DE1C16BC92004EC448 /* Debug */,
				3F8037DF1C16BC92004EC448 /* Release */,
			);
			defaultConfigurationIsVisible = 0;
			defaultConfigurationName = Release;
		};
/* End XCConfigurationList section */
	};
	rootObject = 3F8037BE1C16BC92004EC448 /* Project object */;
}
